
Microsoft Visual Studio Solution File, Format Version 12.00
# Visual Studio Version 17
VisualStudioVersion = 17.13.35931.197 d17.13
MinimumVisualStudioVersion = 10.0.40219.1
Project("{FAE04EC0-301F-11D3-BF4B-00C04F79EFBC}") = "GitTPPWA2025", "GitTPPWA2025\GitTPPWA2025.csproj", "{BF2585BF-F236-4503-957F-1BA4EB3500B9}"
EndProject
Global
	GlobalSection(SolutionConfigurationPlatforms) = preSolution
		Debug|Any CPU = Debug|Any CPU
		Release|Any CPU = Release|Any CPU
	EndGlobalSection
	GlobalSection(ProjectConfigurationPlatforms) = postSolution
		{BF2585BF-F236-4503-957F-1BA4EB3500B9}.Debug|Any CPU.ActiveCfg = Debug|Any CPU
		{BF2585BF-F236-4503-957F-1BA4EB3500B9}.Debug|Any CPU.Build.0 = Debug|Any CPU
		{BF2585BF-F236-4503-957F-1BA4EB3500B9}.Release|Any CPU.ActiveCfg = Release|Any CPU
		{BF2585BF-F236-4503-957F-1BA4EB3500B9}.Release|Any CPU.Build.0 = Release|Any CPU
	EndGlobalSection
	GlobalSection(SolutionProperties) = preSolution
		HideSolutionNode = FALSE
	EndGlobalSection
	GlobalSection(ExtensibilityGlobals) = postSolution
		SolutionGuid = {112E3DA5-CBDA-4581-9508-2A87B42C8BA4}
	EndGlobalSection
EndGlobal
